
Microsoft Visual Studio Solution File, Format Version 12.00
# Visual Studio 15
VisualStudioVersion = 15.0.27428.2037
MinimumVisualStudioVersion = 10.0.40219.1
Project("{FAE04EC0-301F-11D3-BF4B-00C04F79EFBC}") = "CPSC5051-P1", "CPSC5051-P1\CPSC5051-P1.csproj", "{2609A98C-9F1C-46D3-8EB7-7BA76D89F337}"
EndProject
Global
	GlobalSection(SolutionConfigurationPlatforms) = preSolution
		Debug|Any CPU = Debug|Any CPU
		Release|Any CPU = Release|Any CPU
	EndGlobalSection
	GlobalSection(ProjectConfigurationPlatforms) = postSolution
		{2609A98C-9F1C-46D3-8EB7-7BA76D89F337}.Debug|Any CPU.ActiveCfg = Debug|Any CPU
		{2609A98C-9F1C-46D3-8EB7-7BA76D89F337}.Debug|Any CPU.Build.0 = Debug|Any CPU
		{2609A98C-9F1C-46D3-8EB7-7BA76D89F337}.Release|Any CPU.ActiveCfg = Release|Any CPU
		{2609A98C-9F1C-46D3-8EB7-7BA76D89F337}.Release|Any CPU.Build.0 = Release|Any CPU
	EndGlobalSection
	GlobalSection(SolutionProperties) = preSolution
		HideSolutionNode = FALSE
	EndGlobalSection
	GlobalSection(ExtensibilityGlobals) = postSolution
		SolutionGuid = {28969EE4-B192-4534-8339-D12F768BF38B}
	EndGlobalSection
EndGlobal
